{
  "name": "grace-commons-harness",
  "version": "0.1.0",
  "lockfileVersion": 3,
  "requires": true,
  "packages": {
    "": {
      "name": "grace-commons-harness",
      "version": "0.1.0",
      "dependencies": {
        "tla-checker": "*"
      }
    },
    "node_modules/tla-checker": {
      "version": "0.5.4",
      "license": "MIT OR Apache-2.0"
    }
  }
}
