{
  "name": "grace-commons-harness",
  "version": "0.1.0",
  "lockfileVersion": 3,
  "requires": true,
  "packages": {
    "": {
      "name": "grace-commons-harness",
      "version": "0.1.0",
      "dependencies": {
        "tla-checker": "^0.5.4"
      }
    },
    "node_modules/tla-checker": {
      "version": "0.5.4",
      "resolved": "https://registry.npmjs.org/tla-checker/-/tla-checker-0.5.4.tgz",
      "integrity": "sha512-ssyQP9wKjyBan5wqFpd2ZvaAnFZmPyFvnhcxaCvDiCsmVnvrcyWkoZqHlwe8HE+UYPt7q1gjfsdP9doV2pP41w==",
      "license": "MIT OR Apache-2.0"
    }
  }
}
